// !$*UTF8*$!
{
	archiveVersion = 1;
	classes = {
	};
	objectVersion = 50;
	objects = {

/* Begin PBXBuildFile section */
		29FAB4C924E9FCC500C82017 /* ABC_API.framework in Frameworks */ = {isa = PBXBuildFile; fileRef = 29FAB4BF24E9FCC500C82017 /* ABC_API.framework */; };
		29FAB4CE24E9FCC500C82017 /* ABC_APITests.swift in Sources */ = {isa = PBXBuildFile; fileRef = 29FAB4CD24E9FCC500C82017 /* ABC_APITests.swift */; };
		29FAB4D024E9FCC500C82017 /* ABC_API.h in Headers */ = {isa = PBXBuildFile; fileRef = 29FAB4C224E9FCC500C82017 /* ABC_API.h */; settings = {ATTRIBUTES = (Public, ); }; };
		29FAB4F024EA02A600C82017 /* ABC_Core.framework in Frameworks */ = {isa = PBXBuildFile; fileRef = 29FAB4EF24EA02A600C82017 /* ABC_Core.framework */; };
		890E944D3F917B67DE9E37DF /* Pods_ABC_APITests.framework in Frameworks */ = {isa = PBXBuildFile; fileRef = 62C6EB6D2748528D4D3BEE70 /* Pods_ABC_APITests.framework */; };
		96F992DDFC269A51126595F4 /* Pods_ABC_API.framework in Frameworks */ = {isa = PBXBuildFile; fileRef = 3974C9243B8A5AA83467C1D7 /* Pods_ABC_API.framework */; };
/* End PBXBuildFile section */

/* Begin PBXContainerItemProxy section */
		29FAB4CA24E9FCC500C82017 /* PBXContainerItemProxy */ = {
			isa = PBXContainerItemProxy;
			containerPortal = 29FAB4B624E9FCC500C82017 /* Project object */;
			proxyType = 1;
			remoteGlobalIDString = 29FAB4BE24E9FCC500C82017;
			remoteInfo = ABC.API;
		};
/* End PBXContainerItemProxy section */

/* Begin PBXFileReference section */
		1C4C86650867F3B67905B101 /* Pods-ABC.API.release.xcconfig */ = {isa = PBXFileReference; includeInIndex = 1; lastKnownFileType = text.xcconfig; name = "Pods-ABC.API.release.xcconfig"; path = "Target Support Files/Pods-ABC.API/Pods-ABC.API.release.xcconfig"; sourceTree = "<group>"; };
		29FAB4BF24E9FCC500C82017 /* ABC_API.framework */ = {isa = PBXFileReference; explicitFileType = wrapper.framework; includeInIndex = 0; path = ABC_API.framework; sourceTree = BUILT_PRODUCTS_DIR; };
		29FAB4C224E9FCC500C82017 /* ABC_API.h */ = {isa = PBXFileReference; lastKnownFileType = sourcecode.c.h; path = ABC_API.h; sourceTree = "<group>"; };
		29FAB4C324E9FCC500C82017 /* Info.plist */ = {isa = PBXFileReference; lastKnownFileType = text.plist.xml; path = Info.plist; sourceTree = "<group>"; };
		29FAB4C824E9FCC500C82017 /* ABC.APITests.xctest */ = {isa = PBXFileReference; explicitFileType = wrapper.cfbundle; includeInIndex = 0; path = ABC.APITests.xctest; sourceTree = BUILT_PRODUCTS_DIR; };
		29FAB4CD24E9FCC500C82017 /* ABC_APITests.swift */ = {isa = PBXFileReference; lastKnownFileType = sourcecode.swift; path = ABC_APITests.swift; sourceTree = "<group>"; };
		29FAB4CF24E9FCC500C82017 /* Info.plist */ = {isa = PBXFileReference; lastKnownFileType = text.plist.xml; path = Info.plist; sourceTree = "<group>"; };
		29FAB4EF24EA02A600C82017 /* ABC_Core.framework */ = {isa = PBXFileReference; explicitFileType = wrapper.framework; path = ABC_Core.framework; sourceTree = BUILT_PRODUCTS_DIR; };
		3974C9243B8A5AA83467C1D7 /* Pods_ABC_API.framework */ = {isa = PBXFileReference; explicitFileType = wrapper.framework; includeInIndex = 0; path = Pods_ABC_API.framework; sourceTree = BUILT_PRODUCTS_DIR; };
		53AD4FC37CC99F4D58B975B8 /* Pods-ABC.API.debug.xcconfig */ = {isa = PBXFileReference; includeInIndex = 1; lastKnownFileType = text.xcconfig; name = "Pods-ABC.API.debug.xcconfig"; path = "Target Support Files/Pods-ABC.API/Pods-ABC.API.debug.xcconfig"; sourceTree = "<group>"; };
		574E4224BB49DD725DFF6B57 /* Pods-ABC.APITests.debug.xcconfig */ = {isa = PBXFileReference; includeInIndex = 1; lastKnownFileType = text.xcconfig; name = "Pods-ABC.APITests.debug.xcconfig"; path = "Target Support Files/Pods-ABC.APITests/Pods-ABC.APITests.debug.xcconfig"; sourceTree = "<group>"; };
		62C6EB6D2748528D4D3BEE70 /* Pods_ABC_APITests.framework */ = {isa = PBXFileReference; explicitFileType = wrapper.framework; includeInIndex = 0; path = Pods_ABC_APITests.framework; sourceTree = BUILT_PRODUCTS_DIR; };
		BE7119CB1B2106DC235016C7 /* Pods-ABC.APITests.release.xcconfig */ = {isa = PBXFileReference; includeInIndex = 1; lastKnownFileType = text.xcconfig; name = "Pods-ABC.APITests.release.xcconfig"; path = "Target Support Files/Pods-ABC.APITests/Pods-ABC.APITests.release.xcconfig"; sourceTree = "<group>"; };
/* End PBXFileReference section */

/* Begin PBXFrameworksBuildPhase section */
		29FAB4BC24E9FCC500C82017 /* Frameworks */ = {
			isa = PBXFrameworksBuildPhase;
			buildActionMask = 2147483647;
			files = (
				29FAB4F024EA02A600C82017 /* ABC_Core.framework in Frameworks */,
				96F992DDFC269A51126595F4 /* Pods_ABC_API.framework in Frameworks */,
			);
			runOnlyForDeploymentPostprocessing = 0;
		};
		29FAB4C524E9FCC500C82017 /* Frameworks */ = {
			isa = PBXFrameworksBuildPhase;
			buildActionMask = 2147483647;
			files = (
				29FAB4C924E9FCC500C82017 /* ABC_API.framework in Frameworks */,
				890E944D3F917B67DE9E37DF /* Pods_ABC_APITests.framework in Frameworks */,
			);
			runOnlyForDeploymentPostprocessing = 0;
		};
/* End PBXFrameworksBuildPhase section */

/* Begin PBXGroup section */
		29FAB4B524E9FCC500C82017 = {
			isa = PBXGroup;
			children = (
				29FAB4C124E9FCC500C82017 /* ABC.API */,
				29FAB4CC24E9FCC500C82017 /* ABC.APITests */,
				29FAB4C024E9FCC500C82017 /* Products */,
				B5568DA286C0A2D2D9516CD5 /* Pods */,
				94C90A85DF410518202F12B0 /* Frameworks */,
			);
			sourceTree = "<group>";
		};
		29FAB4C024E9FCC500C82017 /* Products */ = {
			isa = PBXGroup;
			children = (
				29FAB4BF24E9FCC500C82017 /* ABC_API.framework */,
				29FAB4C824E9FCC500C82017 /* ABC.APITests.xctest */,
			);
			name = Products;
			sourceTree = "<group>";
		};
		29FAB4C124E9FCC500C82017 /* ABC.API */ = {
			isa = PBXGroup;
			children = (
				29FAB4C224E9FCC500C82017 /* ABC_API.h */,
				29FAB4C324E9FCC500C82017 /* Info.plist */,
			);
			path = ABC.API;
			sourceTree = "<group>";
		};
		29FAB4CC24E9FCC500C82017 /* ABC.APITests */ = {
			isa = PBXGroup;
			children = (
				29FAB4CD24E9FCC500C82017 /* ABC_APITests.swift */,
				29FAB4CF24E9FCC500C82017 /* Info.plist */,
			);
			path = ABC.APITests;
			sourceTree = "<group>";
		};
		94C90A85DF410518202F12B0 /* Frameworks */ = {
			isa = PBXGroup;
			children = (
				29FAB4EF24EA02A600C82017 /* ABC_Core.framework */,
				3974C9243B8A5AA83467C1D7 /* Pods_ABC_API.framework */,
				62C6EB6D2748528D4D3BEE70 /* Pods_ABC_APITests.framework */,
			);
			name = Frameworks;
			sourceTree = "<group>";
		};
		B5568DA286C0A2D2D9516CD5 /* Pods */ = {
			isa = PBXGroup;
			children = (
				53AD4FC37CC99F4D58B975B8 /* Pods-ABC.API.debug.xcconfig */,
				1C4C86650867F3B67905B101 /* Pods-ABC.API.release.xcconfig */,
				574E4224BB49DD725DFF6B57 /* Pods-ABC.APITests.debug.xcconfig */,
				BE7119CB1B2106DC235016C7 /* Pods-ABC.APITests.release.xcconfig */,
			);
			name = Pods;
			path = ../Pods;
			sourceTree = "<group>";
		};
/* End PBXGroup section */

/* Begin PBXHeadersBuildPhase section */
		29FAB4BA24E9FCC500C82017 /* Headers */ = {
			isa = PBXHeadersBuildPhase;
			buildActionMask = 2147483647;
			files = (
				29FAB4D024E9FCC500C82017 /* ABC_API.h in Headers */,
			);
			runOnlyForDeploymentPostprocessing = 0;
		};
/* End PBXHeadersBuildPhase section */

/* Begin PBXNativeTarget section */
		29FAB4BE24E9FCC500C82017 /* ABC.API */ = {
			isa = PBXNativeTarget;
			buildConfigurationList = 29FAB4D324E9FCC500C82017 /* Build configuration list for PBXNativeTarget "ABC.API" */;
			buildPhases = (
				59EC09C4A4DDFE6A039B3F99 /* [CP] Check Pods Manifest.lock */,
				29FAB4BA24E9FCC500C82017 /* Headers */,
				29FAB4BB24E9FCC500C82017 /* Sources */,
				29FAB4BC24E9FCC500C82017 /* Frameworks */,
				29FAB4BD24E9FCC500C82017 /* Resources */,
			);
			buildRules = (
			);
			dependencies = (
			);
			name = ABC.API;
			productName = ABC.API;
			productReference = 29FAB4BF24E9FCC500C82017 /* ABC_API.framework */;
			productType = "com.apple.product-type.framework";
		};
		29FAB4C724E9FCC500C82017 /* ABC.APITests */ = {
			isa = PBXNativeTarget;
			buildConfigurationList = 29FAB4D624E9FCC500C82017 /* Build configuration list for PBXNativeTarget "ABC.APITests" */;
			buildPhases = (
				F231B5AF81538B9ADBE42343 /* [CP] Check Pods Manifest.lock */,
				29FAB4C424E9FCC500C82017 /* Sources */,
				29FAB4C524E9FCC500C82017 /* Frameworks */,
				29FAB4C624E9FCC500C82017 /* Resources */,
			);
			buildRules = (
			);
			dependencies = (
				29FAB4CB24E9FCC500C82017 /* PBXTargetDependency */,
			);
			name = ABC.APITests;
			productName = ABC.APITests;
			productReference = 29FAB4C824E9FCC500C82017 /* ABC.APITests.xctest */;
			productType = "com.apple.product-type.bundle.unit-test";
		};
/* End PBXNativeTarget section */

/* Begin PBXProject section */
		29FAB4B624E9FCC500C82017 /* Project object */ = {
			isa = PBXProject;
			attributes = {
				LastSwiftUpdateCheck = 1160;
				LastUpgradeCheck = 1160;
				ORGANIZATIONNAME = "Amir Kamali";
				TargetAttributes = {
					29FAB4BE24E9FCC500C82017 = {
						CreatedOnToolsVersion = 11.6;
					};
					29FAB4C724E9FCC500C82017 = {
						CreatedOnToolsVersion = 11.6;
					};
				};
			};
			buildConfigurationList = 29FAB4B924E9FCC500C82017 /* Build configuration list for PBXProject "ABC.API" */;
			compatibilityVersion = "Xcode 9.3";
			developmentRegion = en;
			hasScannedForEncodings = 0;
			knownRegions = (
				en,
				Base,
			);
			mainGroup = 29FAB4B524E9FCC500C82017;
			productRefGroup = 29FAB4C024E9FCC500C82017 /* Products */;
			projectDirPath = "";
			projectRoot = "";
			targets = (
				29FAB4BE24E9FCC500C82017 /* ABC.API */,
				29FAB4C724E9FCC500C82017 /* ABC.APITests */,
			);
		};
/* End PBXProject section */

/* Begin PBXResourcesBuildPhase section */
		29FAB4BD24E9FCC500C82017 /* Resources */ = {
			isa = PBXResourcesBuildPhase;
			buildActionMask = 2147483647;
			files = (
			);
			runOnlyForDeploymentPostprocessing = 0;
		};
		29FAB4C624E9FCC500C82017 /* Resources */ = {
			isa = PBXResourcesBuildPhase;
			buildActionMask = 2147483647;
			files = (
			);
			runOnlyForDeploymentPostprocessing = 0;
		};
/* End PBXResourcesBuildPhase section */

/* Begin PBXShellScriptBuildPhase section */
		59EC09C4A4DDFE6A039B3F99 /* [CP] Check Pods Manifest.lock */ = {
			isa = PBXShellScriptBuildPhase;
			buildActionMask = 2147483647;
			files = (
			);
			inputFileListPaths = (
			);
			inputPaths = (
				"${PODS_PODFILE_DIR_PATH}/Podfile.lock",
				"${PODS_ROOT}/Manifest.lock",
			);
			name = "[CP] Check Pods Manifest.lock";
			outputFileListPaths = (
			);
			outputPaths = (
				"$(DERIVED_FILE_DIR)/Pods-ABC.API-checkManifestLockResult.txt",
			);
			runOnlyForDeploymentPostprocessing = 0;
			shellPath = /bin/sh;
			shellScript = "diff \"${PODS_PODFILE_DIR_PATH}/Podfile.lock\" \"${PODS_ROOT}/Manifest.lock\" > /dev/null\nif [ $? != 0 ] ; then\n    # print error to STDERR\n    echo \"error: The sandbox is not in sync with the Podfile.lock. Run 'pod install' or update your CocoaPods installation.\" >&2\n    exit 1\nfi\n# This output is used by Xcode 'outputs' to avoid re-running this script phase.\necho \"SUCCESS\" > \"${SCRIPT_OUTPUT_FILE_0}\"\n";
			showEnvVarsInLog = 0;
		};
		F231B5AF81538B9ADBE42343 /* [CP] Check Pods Manifest.lock */ = {
			isa = PBXShellScriptBuildPhase;
			buildActionMask = 2147483647;
			files = (
			);
			inputFileListPaths = (
			);
			inputPaths = (
				"${PODS_PODFILE_DIR_PATH}/Podfile.lock",
				"${PODS_ROOT}/Manifest.lock",
			);
			name = "[CP] Check Pods Manifest.lock";
			outputFileListPaths = (
			);
			outputPaths = (
				"$(DERIVED_FILE_DIR)/Pods-ABC.APITests-checkManifestLockResult.txt",
			);
			runOnlyForDeploymentPostprocessing = 0;
			shellPath = /bin/sh;
			shellScript = "diff \"${PODS_PODFILE_DIR_PATH}/Podfile.lock\" \"${PODS_ROOT}/Manifest.lock\" > /dev/null\nif [ $? != 0 ] ; then\n    # print error to STDERR\n    echo \"error: The sandbox is not in sync with the Podfile.lock. Run 'pod install' or update your CocoaPods installation.\" >&2\n    exit 1\nfi\n# This output is used by Xcode 'outputs' to avoid re-running this script phase.\necho \"SUCCESS\" > \"${SCRIPT_OUTPUT_FILE_0}\"\n";
			showEnvVarsInLog = 0;
		};
/* End PBXShellScriptBuildPhase section */

/* Begin PBXSourcesBuildPhase section */
		29FAB4BB24E9FCC500C82017 /* Sources */ = {
			isa = PBXSourcesBuildPhase;
			buildActionMask = 2147483647;
			files = (
			);
			runOnlyForDeploymentPostprocessing = 0;
		};
		29FAB4C424E9FCC500C82017 /* Sources */ = {
			isa = PBXSourcesBuildPhase;
			buildActionMask = 2147483647;
			files = (
				29FAB4CE24E9FCC500C82017 /* ABC_APITests.swift in Sources */,
			);
			runOnlyForDeploymentPostprocessing = 0;
		};
/* End PBXSourcesBuildPhase section */

/* Begin PBXTargetDependency section */
		29FAB4CB24E9FCC500C82017 /* PBXTargetDependency */ = {
			isa = PBXTargetDependency;
			target = 29FAB4BE24E9FCC500C82017 /* ABC.API */;
			targetProxy = 29FAB4CA24E9FCC500C82017 /* PBXContainerItemProxy */;
		};
/* End PBXTargetDependency section */

/* Begin XCBuildConfiguration section */
		29FAB4D124E9FCC500C82017 /* Debug */ = {
			isa = XCBuildConfiguration;
			buildSettings = {
				ALWAYS_SEARCH_USER_PATHS = NO;
				CLANG_ANALYZER_NONNULL = YES;
				CLANG_ANALYZER_NUMBER_OBJECT_CONVERSION = YES_AGGRESSIVE;
				CLANG_CXX_LANGUAGE_STANDARD = "gnu++14";
				CLANG_CXX_LIBRARY = "libc++";
				CLANG_ENABLE_MODULES = YES;
				CLANG_ENABLE_OBJC_ARC = YES;
				CLANG_ENABLE_OBJC_WEAK = YES;
				CLANG_WARN_BLOCK_CAPTURE_AUTORELEASING = YES;
				CLANG_WARN_BOOL_CONVERSION = YES;
				CLANG_WARN_COMMA = YES;
				CLANG_WARN_CONSTANT_CONVERSION = YES;
				CLANG_WARN_DEPRECATED_OBJC_IMPLEMENTATIONS = YES;
				CLANG_WARN_DIRECT_OBJC_ISA_USAGE = YES_ERROR;
				CLANG_WARN_DOCUMENTATION_COMMENTS = YES;
				CLANG_WARN_EMPTY_BODY = YES;
				CLANG_WARN_ENUM_CONVERSION = YES;
				CLANG_WARN_INFINITE_RECURSION = YES;
				CLANG_WARN_INT_CONVERSION = YES;
				CLANG_WARN_NON_LITERAL_NULL_CONVERSION = YES;
				CLANG_WARN_OBJC_IMPLICIT_RETAIN_SELF = YES;
				CLANG_WARN_OBJC_LITERAL_CONVERSION = YES;
				CLANG_WARN_OBJC_ROOT_CLASS = YES_ERROR;
				CLANG_WARN_RANGE_LOOP_ANALYSIS = YES;
				CLANG_WARN_STRICT_PROTOTYPES = YES;
				CLANG_WARN_SUSPICIOUS_MOVE = YES;
				CLANG_WARN_UNGUARDED_AVAILABILITY = YES_AGGRESSIVE;
				CLANG_WARN_UNREACHABLE_CODE = YES;
				CLANG_WARN__DUPLICATE_METHOD_MATCH = YES;
				COPY_PHASE_STRIP = NO;
				CURRENT_PROJECT_VERSION = 1;
				DEBUG_INFORMATION_FORMAT = dwarf;
				ENABLE_STRICT_OBJC_MSGSEND = YES;
				ENABLE_TESTABILITY = YES;
				GCC_C_LANGUAGE_STANDARD = gnu11;
				GCC_DYNAMIC_NO_PIC = NO;
				GCC_NO_COMMON_BLOCKS = YES;
				GCC_OPTIMIZATION_LEVEL = 0;
				GCC_PREPROCESSOR_DEFINITIONS = (
					"DEBUG=1",
					"$(inherited)",
				);
				GCC_WARN_64_TO_32_BIT_CONVERSION = YES;
				GCC_WARN_ABOUT_RETURN_TYPE = YES_ERROR;
				GCC_WARN_UNDECLARED_SELECTOR = YES;
				GCC_WARN_UNINITIALIZED_AUTOS = YES_AGGRESSIVE;
				GCC_WARN_UNUSED_FUNCTION = YES;
				GCC_WARN_UNUSED_VARIABLE = YES;
				IPHONEOS_DEPLOYMENT_TARGET = 13.6;
				MTL_ENABLE_DEBUG_INFO = INCLUDE_SOURCE;
				MTL_FAST_MATH = YES;
				ONLY_ACTIVE_ARCH = YES;
				SDKROOT = iphoneos;
				SWIFT_ACTIVE_COMPILATION_CONDITIONS = DEBUG;
				SWIFT_OPTIMIZATION_LEVEL = "-Onone";
				VERSIONING_SYSTEM = "apple-generic";
				VERSION_INFO_PREFIX = "";
			};
			name = Debug;
		};
		29FAB4D224E9FCC500C82017 /* Release */ = {
			isa = XCBuildConfiguration;
			buildSettings = {
				ALWAYS_SEARCH_USER_PATHS = NO;
				CLANG_ANALYZER_NONNULL = YES;
				CLANG_ANALYZER_NUMBER_OBJECT_CONVERSION = YES_AGGRESSIVE;
				CLANG_CXX_LANGUAGE_STANDARD = "gnu++14";
				CLANG_CXX_LIBRARY = "libc++";
				CLANG_ENABLE_MODULES = YES;
				CLANG_ENABLE_OBJC_ARC = YES;
				CLANG_ENABLE_OBJC_WEAK = YES;
				CLANG_WARN_BLOCK_CAPTURE_AUTORELEASING = YES;
				CLANG_WARN_BOOL_CONVERSION = YES;
				CLANG_WARN_COMMA = YES;
				CLANG_WARN_CONSTANT_CONVERSION = YES;
				CLANG_WARN_DEPRECATED_OBJC_IMPLEMENTATIONS = YES;
				CLANG_WARN_DIRECT_OBJC_ISA_USAGE = YES_ERROR;
				CLANG_WARN_DOCUMENTATION_COMMENTS = YES;
				CLANG_WARN_EMPTY_BODY = YES;
				CLANG_WARN_ENUM_CONVERSION = YES;
				CLANG_WARN_INFINITE_RECURSION = YES;
				CLANG_WARN_INT_CONVERSION = YES;
				CLANG_WARN_NON_LITERAL_NULL_CONVERSION = YES;
				CLANG_WARN_OBJC_IMPLICIT_RETAIN_SELF = YES;
				CLANG_WARN_OBJC_LITERAL_CONVERSION = YES;
				CLANG_WARN_OBJC_ROOT_CLASS = YES_ERROR;
				CLANG_WARN_RANGE_LOOP_ANALYSIS = YES;
				CLANG_WARN_STRICT_PROTOTYPES = YES;
				CLANG_WARN_SUSPICIOUS_MOVE = YES;
				CLANG_WARN_UNGUARDED_AVAILABILITY = YES_AGGRESSIVE;
				CLANG_WARN_UNREACHABLE_CODE = YES;
				CLANG_WARN__DUPLICATE_METHOD_MATCH = YES;
				COPY_PHASE_STRIP = NO;
				CURRENT_PROJECT_VERSION = 1;
				DEBUG_INFORMATION_FORMAT = "dwarf-with-dsym";
				ENABLE_NS_ASSERTIONS = NO;
				ENABLE_STRICT_OBJC_MSGSEND = YES;
				GCC_C_LANGUAGE_STANDARD = gnu11;
				GCC_NO_COMMON_BLOCKS = YES;
				GCC_WARN_64_TO_32_BIT_CONVERSION = YES;
				GCC_WARN_ABOUT_RETURN_TYPE = YES_ERROR;
				GCC_WARN_UNDECLARED_SELECTOR = YES;
				GCC_WARN_UNINITIALIZED_AUTOS = YES_AGGRESSIVE;
				GCC_WARN_UNUSED_FUNCTION = YES;
				GCC_WARN_UNUSED_VARIABLE = YES;
				IPHONEOS_DEPLOYMENT_TARGET = 13.6;
				MTL_ENABLE_DEBUG_INFO = NO;
				MTL_FAST_MATH = YES;
				SDKROOT = iphoneos;
				SWIFT_COMPILATION_MODE = wholemodule;
				SWIFT_OPTIMIZATION_LEVEL = "-O";
				VALIDATE_PRODUCT = YES;
				VERSIONING_SYSTEM = "apple-generic";
				VERSION_INFO_PREFIX = "";
			};
			name = Release;
		};
		29FAB4D424E9FCC500C82017 /* Debug */ = {
			isa = XCBuildConfiguration;
			baseConfigurationReference = 53AD4FC37CC99F4D58B975B8 /* Pods-ABC.API.debug.xcconfig */;
			buildSettings = {
				CODE_SIGN_STYLE = Automatic;
				DEFINES_MODULE = YES;
				DEVELOPMENT_TEAM = NKNX58SCJ2;
				DYLIB_COMPATIBILITY_VERSION = 1;
				DYLIB_CURRENT_VERSION = 1;
				DYLIB_INSTALL_NAME_BASE = "@rpath";
				INFOPLIST_FILE = ABC.API/Info.plist;
				INSTALL_PATH = "$(LOCAL_LIBRARY_DIR)/Frameworks";
				LD_RUNPATH_SEARCH_PATHS = (
					"$(inherited)",
					"@executable_path/Frameworks",
					"@loader_path/Frameworks",
				);
				PRODUCT_BUNDLE_IDENTIFIER = "com.AMT.ABC-API";
				PRODUCT_NAME = "$(TARGET_NAME:c99extidentifier)";
				SKIP_INSTALL = YES;
				SWIFT_VERSION = 5.0;
				TARGETED_DEVICE_FAMILY = "1,2";
			};
			name = Debug;
		};
		29FAB4D524E9FCC500C82017 /* Release */ = {
			isa = XCBuildConfiguration;
			baseConfigurationReference = 1C4C86650867F3B67905B101 /* Pods-ABC.API.release.xcconfig */;
			buildSettings = {
				CODE_SIGN_STYLE = Automatic;
				DEFINES_MODULE = YES;
				DEVELOPMENT_TEAM = NKNX58SCJ2;
				DYLIB_COMPATIBILITY_VERSION = 1;
				DYLIB_CURRENT_VERSION = 1;
				DYLIB_INSTALL_NAME_BASE = "@rpath";
				INFOPLIST_FILE = ABC.API/Info.plist;
				INSTALL_PATH = "$(LOCAL_LIBRARY_DIR)/Frameworks";
				LD_RUNPATH_SEARCH_PATHS = (
					"$(inherited)",
					"@executable_path/Frameworks",
					"@loader_path/Frameworks",
				);
				PRODUCT_BUNDLE_IDENTIFIER = "com.AMT.ABC-API";
				PRODUCT_NAME = "$(TARGET_NAME:c99extidentifier)";
				SKIP_INSTALL = YES;
				SWIFT_VERSION = 5.0;
				TARGETED_DEVICE_FAMILY = "1,2";
			};
			name = Release;
		};
		29FAB4D724E9FCC500C82017 /* Debug */ = {
			isa = XCBuildConfiguration;
			baseConfigurationReference = 574E4224BB49DD725DFF6B57 /* Pods-ABC.APITests.debug.xcconfig */;
			buildSettings = {
				CODE_SIGN_STYLE = Automatic;
				DEVELOPMENT_TEAM = NKNX58SCJ2;
				INFOPLIST_FILE = ABC.APITests/Info.plist;
				LD_RUNPATH_SEARCH_PATHS = (
					"$(inherited)",
					"@executable_path/Frameworks",
					"@loader_path/Frameworks",
				);
				PRODUCT_BUNDLE_IDENTIFIER = "com.AMT.ABC-APITests";
				PRODUCT_NAME = "$(TARGET_NAME)";
				SWIFT_VERSION = 5.0;
				TARGETED_DEVICE_FAMILY = "1,2";
			};
			name = Debug;
		};
		29FAB4D824E9FCC500C82017 /* Release */ = {
			isa = XCBuildConfiguration;
			baseConfigurationReference = BE7119CB1B2106DC235016C7 /* Pods-ABC.APITests.release.xcconfig */;
			buildSettings = {
				CODE_SIGN_STYLE = Automatic;
				DEVELOPMENT_TEAM = NKNX58SCJ2;
				INFOPLIST_FILE = ABC.APITests/Info.plist;
				LD_RUNPATH_SEARCH_PATHS = (
					"$(inherited)",
					"@executable_path/Frameworks",
					"@loader_path/Frameworks",
				);
				PRODUCT_BUNDLE_IDENTIFIER = "com.AMT.ABC-APITests";
				PRODUCT_NAME = "$(TARGET_NAME)";
				SWIFT_VERSION = 5.0;
				TARGETED_DEVICE_FAMILY = "1,2";
			};
			name = Release;
		};
/* End XCBuildConfiguration section */

/* Begin XCConfigurationList section */
		29FAB4B924E9FCC500C82017 /* Build configuration list for PBXProject "ABC.API" */ = {
			isa = XCConfigurationList;
			buildConfigurations = (
				29FAB4D124E9FCC500C82017 /* Debug */,
				29FAB4D224E9FCC500C82017 /* Release */,
			);
			defaultConfigurationIsVisible = 0;
			defaultConfigurationName = Release;
		};
		29FAB4D324E9FCC500C82017 /* Build configuration list for PBXNativeTarget "ABC.API" */ = {
			isa = XCConfigurationList;
			buildConfigurations = (
				29FAB4D424E9FCC500C82017 /* Debug */,
				29FAB4D524E9FCC500C82017 /* Release */,
			);
			defaultConfigurationIsVisible = 0;
			defaultConfigurationName = Release;
		};
		29FAB4D624E9FCC500C82017 /* Build configuration list for PBXNativeTarget "ABC.APITests" */ = {
			isa = XCConfigurationList;
			buildConfigurations = (
				29FAB4D724E9FCC500C82017 /* Debug */,
				29FAB4D824E9FCC500C82017 /* Release */,
			);
			defaultConfigurationIsVisible = 0;
			defaultConfigurationName = Release;
		};
/* End XCConfigurationList section */
	};
	rootObject = 29FAB4B624E9FCC500C82017 /* Project object */;
}
